Microsoft Visual Studio Solution File, Format Version 12.00
# Visual Studio Version 17
VisualStudioVersion = 17.9.34321.82
MinimumVisualStudioVersion = 10.0.40219.1
Project("{FAE04EC0-301F-11D3-BF4B-00C04F79EFBC}") = "FootballHistory.AppHost", "FootballHistory.AppHost\FootballHistory.AppHost.csproj", "{2C8299D7-C700-4B2C-B045-0587764D422E}"
EndProject
Project("{9A19103F-16F7-4668-BE54-9A1E7A4F7556}") = "FootballHistory.ServiceDefaults", "FootballHistory.ServiceDefaults\FootballHistory.ServiceDefaults.csproj", "{E2C92B56-75E9-42F8-8687-A7FC487ED635}"
EndProject
Project("{9A19103F-16F7-4668-BE54-9A1E7A4F7556}") = "FootballHistory.ApiService", "FootballHistory.ApiService\FootballHistory.ApiService.csproj", "{FCEBF401-4CB0-44B2-A279-494860E24C3A}"
EndProject
Project("{9A19103F-16F7-4668-BE54-9A1E7A4F7556}") = "FootballHistory.Web", "FootballHistory.Web\FootballHistory.Web.csproj", "{C6DBDB25-9B7A-46C8-ACF5-AC3F84C52F21}"
EndProject
Project("{2150E333-8FDC-42A3-9474-1A3956D46DE8}") = "SolutionItems", "SolutionItems", "{9AC5F484-29C5-48DC-9005-7BF0331F186E}"
	ProjectSection(SolutionItems) = preProject
		next-steps.md = next-steps.md
		azure.yaml = azure.yaml
		.gitignore = .gitignore
		.github\workflows\azure-dev.yml = .github\workflows\azure-dev.yml
	EndProjectSection
EndProject
Global
	GlobalSection(SolutionConfigurationPlatforms) = preSolution
		Debug|Any CPU = Debug|Any CPU
		Release|Any CPU = Release|Any CPU
	EndGlobalSection
	GlobalSection(ProjectConfigurationPlatforms) = postSolution
		{2C8299D7-C700-4B2C-B045-0587764D422E}.Debug|Any CPU.ActiveCfg = Debug|Any CPU
		{2C8299D7-C700-4B2C-B045-0587764D422E}.Debug|Any CPU.Build.0 = Debug|Any CPU
		{2C8299D7-C700-4B2C-B045-0587764D422E}.Release|Any CPU.ActiveCfg = Release|Any CPU
		{2C8299D7-C700-4B2C-B045-0587764D422E}.Release|Any CPU.Build.0 = Release|Any CPU
		{E2C92B56-75E9-42F8-8687-A7FC487ED635}.Debug|Any CPU.ActiveCfg = Debug|Any CPU
		{E2C92B56-75E9-42F8-8687-A7FC487ED635}.Debug|Any CPU.Build.0 = Debug|Any CPU
		{E2C92B56-75E9-42F8-8687-A7FC487ED635}.Release|Any CPU.ActiveCfg = Release|Any CPU
		{E2C92B56-75E9-42F8-8687-A7FC487ED635}.Release|Any CPU.Build.0 = Release|Any CPU
		{FCEBF401-4CB0-44B2-A279-494860E24C3A}.Debug|Any CPU.ActiveCfg = Debug|Any CPU
		{FCEBF401-4CB0-44B2-A279-494860E24C3A}.Debug|Any CPU.Build.0 = Debug|Any CPU
		{FCEBF401-4CB0-44B2-A279-494860E24C3A}.Release|Any CPU.ActiveCfg = Release|Any CPU
		{FCEBF401-4CB0-44B2-A279-494860E24C3A}.Release|Any CPU.Build.0 = Release|Any CPU
		{C6DBDB25-9B7A-46C8-ACF5-AC3F84C52F21}.Debug|Any CPU.ActiveCfg = Debug|Any CPU
		{C6DBDB25-9B7A-46C8-ACF5-AC3F84C52F21}.Debug|Any CPU.Build.0 = Debug|Any CPU
		{C6DBDB25-9B7A-46C8-ACF5-AC3F84C52F21}.Release|Any CPU.ActiveCfg = Release|Any CPU
		{C6DBDB25-9B7A-46C8-ACF5-AC3F84C52F21}.Release|Any CPU.Build.0 = Release|Any CPU
	EndGlobalSection
	GlobalSection(SolutionProperties) = preSolution
		HideSolutionNode = FALSE
	EndGlobalSection
	GlobalSection(ExtensibilityGlobals) = postSolution
		SolutionGuid = {D64DDB5F-243C-4B74-BD66-CB7B94C96A4A}
	EndGlobalSection
EndGlobal
